<?xml version="1.0" encoding="utf-8"?>
<Project ToolsVersion="4.0" xmlns="http://schemas.microsoft.com/developer/msbuild/2003">
  <ItemGroup>
    <Filter Include="Исходные файлы">
      <UniqueIdentifier>{4FC737F1-C7A5-4376-A066-2A32D752A2FF}</UniqueIdentifier>
      <Extensions>cpp;c;cc;cxx;c++;cppm;ixx;def;odl;idl;hpj;bat;asm;asmx</Extensions>
    </Filter>
    <Filter Include="Файлы заголовков">
      <UniqueIdentifier>{93995380-89BD-4b04-88EB-625FBE52EBFB}</UniqueIdentifier>
      <Extensions>h;hh;hpp;hxx;h++;hm;inl;inc;ipp;xsd</Extensions>
    </Filter>
    <Filter Include="Файлы ресурсов">
      <UniqueIdentifier>{67DA6AB6-F800-4c08-8B7A-83BB121AAD01}</UniqueIdentifier>
      <Extensions>rc;ico;cur;bmp;dlg;rc2;rct;bin;rgs;gif;jpg;jpeg;jpe;resx;tiff;tif;png;wav;mfcribbon-ms</Extensions>
    </Filter>
    <Filter Include="Файлы заголовков\AbstractBase">
      <UniqueIdentifier>{aecb1333-f215-47a9-a016-92544f7cb28f}</UniqueIdentifier>
    </Filter>
    <Filter Include="Файлы заголовков\Window">
      <UniqueIdentifier>{561eef3a-5f80-458a-9e65-8b8fb05d4c23}</UniqueIdentifier>
    </Filter>
    <Filter Include="Файлы заголовков\Window\HUD">
      <UniqueIdentifier>{b43197bb-9c5c-4fb9-9417-6f0c9aa46bc5}</UniqueIdentifier>
    </Filter>
    <Filter Include="Файлы заголовков\Window\HUD\Widgets">
      <UniqueIdentifier>{27ec6def-ede0-46d9-9ece-51966b9bdf2c}</UniqueIdentifier>
    </Filter>
    <Filter Include="Файлы заголовков\RealBase">
      <UniqueIdentifier>{00028d66-f59a-4214-b6e8-686e4024eda7}</UniqueIdentifier>
    </Filter>
    <Filter Include="Файлы заголовков\Utilites">
      <UniqueIdentifier>{aefb94b1-5e67-4a67-8347-cf2c4f04a3f3}</UniqueIdentifier>
    </Filter>
    <Filter Include="Файлы заголовков\Game">
      <UniqueIdentifier>{2fa1c490-9631-451d-85f3-6cae1769f04d}</UniqueIdentifier>
    </Filter>
    <Filter Include="Файлы заголовков\Game\Snake">
      <UniqueIdentifier>{1cb825f2-225a-425c-9d05-89784f6ba8ba}</UniqueIdentifier>
    </Filter>
    <Filter Include="Исходные файлы\Utilites">
      <UniqueIdentifier>{88bda3fa-89b5-446b-95a5-8cfe82dd3f67}</UniqueIdentifier>
    </Filter>
    <Filter Include="Исходные файлы\AbstractBase">
      <UniqueIdentifier>{8607bd7e-9e2f-4218-94a4-ee67d0112810}</UniqueIdentifier>
    </Filter>
    <Filter Include="Исходные файлы\RealBase">
      <UniqueIdentifier>{c764a701-f183-48d2-86e4-04864758b373}</UniqueIdentifier>
    </Filter>
    <Filter Include="Исходные файлы\Window">
      <UniqueIdentifier>{7d6c9ba5-ad8e-4a96-9b72-7e2383b55b1a}</UniqueIdentifier>
    </Filter>
    <Filter Include="Исходные файлы\Window\HUD">
      <UniqueIdentifier>{1e82f437-1371-4b2d-8f32-39227e1dbda8}</UniqueIdentifier>
    </Filter>
    <Filter Include="Исходные файлы\Window\HUD\Widgets">
      <UniqueIdentifier>{11fa3664-79b2-459b-938f-7d67399e684e}</UniqueIdentifier>
    </Filter>
    <Filter Include="Исходные файлы\Game">
      <UniqueIdentifier>{7f85e47c-7c6c-4812-ba25-b13238445871}</UniqueIdentifier>
    </Filter>
    <Filter Include="Исходные файлы\Game\Snake">
      <UniqueIdentifier>{a21a3067-a110-42a3-9482-e25de2a04765}</UniqueIdentifier>
    </Filter>
    <Filter Include="Файлы заголовков\App">
      <UniqueIdentifier>{03dd7c99-f944-4f47-9e6b-f5926209b876}</UniqueIdentifier>
    </Filter>
    <Filter Include="Исходные файлы\App">
      <UniqueIdentifier>{6d9fef22-cb4b-4423-a85c-4b7aefae8880}</UniqueIdentifier>
    </Filter>
  </ItemGroup>
  <ItemGroup>
    <ClCompile Include="BaseDrawableRectangle.cpp">
      <Filter>Исходные файлы\Window\HUD\Widgets</Filter>
    </ClCompile>
    <ClCompile Include="TimeWidget.cpp">
      <Filter>Исходные файлы\Window\HUD\Widgets</Filter>
    </ClCompile>
    <ClCompile Include="ScoreWidget.cpp">
      <Filter>Исходные файлы\Window\HUD\Widgets</Filter>
    </ClCompile>
    <ClCompile Include="HUD.cpp">
      <Filter>Исходные файлы\Window\HUD</Filter>
    </ClCompile>
    <ClCompile Include="Button.cpp">
      <Filter>Исходные файлы\Window\HUD</Filter>
    </ClCompile>
    <ClCompile Include="Timer.cpp">
      <Filter>Исходные файлы\Utilites</Filter>
    </ClCompile>
    <ClCompile Include="ConfigLoader.cpp">
      <Filter>Исходные файлы\Utilites</Filter>
    </ClCompile>
    <ClCompile Include="LevelConstructor.cpp">
      <Filter>Исходные файлы\Utilites</Filter>
    </ClCompile>
    <ClCompile Include="Random.cpp">
      <Filter>Исходные файлы\Utilites</Filter>
    </ClCompile>
    <ClCompile Include="ScaleDeterminant.cpp">
      <Filter>Исходные файлы\Utilites</Filter>
    </ClCompile>
    <ClCompile Include="BaseDrawable.cpp">
      <Filter>Исходные файлы\RealBase</Filter>
    </ClCompile>
    <ClCompile Include="BaseText.cpp">
      <Filter>Исходные файлы\RealBase</Filter>
    </ClCompile>
    <ClCompile Include="MainWindow.cpp">
      <Filter>Исходные файлы\Window</Filter>
    </ClCompile>
    <ClCompile Include="Keyboard.cpp">
      <Filter>Исходные файлы\Window</Filter>
    </ClCompile>
    <ClCompile Include="Mouse.cpp">
      <Filter>Исходные файлы\Window</Filter>
    </ClCompile>
    <ClCompile Include="SnakeBody.cpp">
      <Filter>Исходные файлы\Game\Snake</Filter>
    </ClCompile>
    <ClCompile Include="SnakeParticle.cpp">
      <Filter>Исходные файлы\Game\Snake</Filter>
    </ClCompile>
    <ClCompile Include="Apple.cpp">
      <Filter>Исходные файлы\Game\Snake</Filter>
    </ClCompile>
    <ClCompile Include="GameSession.cpp">
      <Filter>Исходные файлы\Game</Filter>
    </ClCompile>
    <ClCompile Include="GraphicField.cpp">
      <Filter>Исходные файлы\Game</Filter>
    </ClCompile>
    <ClCompile Include="LogicField.cpp">
      <Filter>Исходные файлы\Game</Filter>
    </ClCompile>
    <ClCompile Include="App.cpp">
      <Filter>Исходные файлы\App</Filter>
    </ClCompile>
    <ClCompile Include="EventHandler.cpp">
      <Filter>Исходные файлы\Utilites</Filter>
    </ClCompile>
    <ClCompile Include="main.cpp">
      <Filter>Исходные файлы\App</Filter>
    </ClCompile>
    <ClCompile Include="InfoWidget.cpp">
      <Filter>Исходные файлы\Window\HUD\Widgets</Filter>
    </ClCompile>
    <ClCompile Include="SpeedWidget.cpp">
      <Filter>Исходные файлы\Window\HUD\Widgets</Filter>
    </ClCompile>
    <ClCompile Include="AppState.cpp">
      <Filter>Исходные файлы\App</Filter>
    </ClCompile>
  </ItemGroup>
  <ItemGroup>
    <ClInclude Include="BaseDrawableRectangle.h">
      <Filter>Файлы заголовков\Window\HUD\Widgets</Filter>
    </ClInclude>
    <ClInclude Include="TimeWidget.h">
      <Filter>Файлы заголовков\Window\HUD\Widgets</Filter>
    </ClInclude>
    <ClInclude Include="ScoreWidget.h">
      <Filter>Файлы заголовков\Window\HUD\Widgets</Filter>
    </ClInclude>
    <ClInclude Include="HUD.h">
      <Filter>Файлы заголовков\Window\HUD</Filter>
    </ClInclude>
    <ClInclude Include="Button.h">
      <Filter>Файлы заголовков\Window\HUD</Filter>
    </ClInclude>
    <ClInclude Include="BaseD.h">
      <Filter>Файлы заголовков\AbstractBase</Filter>
    </ClInclude>
    <ClInclude Include="BaseScalable.h">
      <Filter>Файлы заголовков\AbstractBase</Filter>
    </ClInclude>
    <ClInclude Include="BasePawn.h">
      <Filter>Файлы заголовков\AbstractBase</Filter>
    </ClInclude>
    <ClInclude Include="BasePlayerControlObj.h">
      <Filter>Файлы заголовков\AbstractBase</Filter>
    </ClInclude>
    <ClInclude Include="MainWindow.h">
      <Filter>Файлы заголовков\Window</Filter>
    </ClInclude>
    <ClInclude Include="Mouse.h">
      <Filter>Файлы заголовков\Window</Filter>
    </ClInclude>
    <ClInclude Include="Keyboard.h">
      <Filter>Файлы заголовков\Window</Filter>
    </ClInclude>
    <ClInclude Include="BaseDrawable.h">
      <Filter>Файлы заголовков\RealBase</Filter>
    </ClInclude>
    <ClInclude Include="ControlBase.h">
      <Filter>Файлы заголовков\AbstractBase</Filter>
    </ClInclude>
    <ClInclude Include="BaseText.h">
      <Filter>Файлы заголовков\RealBase</Filter>
    </ClInclude>
    <ClInclude Include="ScaleDeterminant.h">
      <Filter>Файлы заголовков\Utilites</Filter>
    </ClInclude>
    <ClInclude Include="SmartPointer.h">
      <Filter>Файлы заголовков\Utilites</Filter>
    </ClInclude>
    <ClInclude Include="Timer.h">
      <Filter>Файлы заголовков\Utilites</Filter>
    </ClInclude>
    <ClInclude Include="ConfigLoader.h">
      <Filter>Файлы заголовков\Utilites</Filter>
    </ClInclude>
    <ClInclude Include="SnakeParticle.h">
      <Filter>Файлы заголовков\Game\Snake</Filter>
    </ClInclude>
    <ClInclude Include="SnakeBody.h">
      <Filter>Файлы заголовков\Game\Snake</Filter>
    </ClInclude>
    <ClInclude Include="Random.h">
      <Filter>Файлы заголовков\Utilites</Filter>
    </ClInclude>
    <ClInclude Include="Apple.h">
      <Filter>Файлы заголовков\Game\Snake</Filter>
    </ClInclude>
    <ClInclude Include="LevelConstructor.h">
      <Filter>Файлы заголовков\Utilites</Filter>
    </ClInclude>
    <ClInclude Include="GameSession.h">
      <Filter>Файлы заголовков\Game</Filter>
    </ClInclude>
    <ClInclude Include="GraphicField.h">
      <Filter>Файлы заголовков\Game</Filter>
    </ClInclude>
    <ClInclude Include="LogicField.h">
      <Filter>Файлы заголовков\Game</Filter>
    </ClInclude>
    <ClInclude Include="App.h">
      <Filter>Файлы заголовков\App</Filter>
    </ClInclude>
    <ClInclude Include="EventHandler.h">
      <Filter>Файлы заголовков\Utilites</Filter>
    </ClInclude>
    <ClInclude Include="InfoWidget.h">
      <Filter>Файлы заголовков\Window\HUD\Widgets</Filter>
    </ClInclude>
    <ClInclude Include="SpeedWidget.h">
      <Filter>Файлы заголовков\Window\HUD\Widgets</Filter>
    </ClInclude>
    <ClInclude Include="AppState.h">
      <Filter>Файлы заголовков\App</Filter>
    </ClInclude>
  </ItemGroup>
</Project>